
Microsoft Visual Studio Solution File, Format Version 12.00
# Visual Studio 15
VisualStudioVersion = 15.0.27004.2005
MinimumVisualStudioVersion = 10.0.40219.1
Project("{8BC9CEB8-8B4A-11D0-8D11-00A0C91BC942}") = "SelectionSort", "SelectionSort\SelectionSort.vcxproj", "{BF709CA5-280D-4FA3-8909-A2172FE613FF}"
EndProject
Global
	GlobalSection(SolutionConfigurationPlatforms) = preSolution
		Debug|x64 = Debug|x64
		Debug|x86 = Debug|x86
		Release|x64 = Release|x64
		Release|x86 = Release|x86
	EndGlobalSection
	GlobalSection(ProjectConfigurationPlatforms) = postSolution
		{BF709CA5-280D-4FA3-8909-A2172FE613FF}.Debug|x64.ActiveCfg = Debug|x64
		{BF709CA5-280D-4FA3-8909-A2172FE613FF}.Debug|x64.Build.0 = Debug|x64
		{BF709CA5-280D-4FA3-8909-A2172FE613FF}.Debug|x86.ActiveCfg = Debug|Win32
		{BF709CA5-280D-4FA3-8909-A2172FE613FF}.Debug|x86.Build.0 = Debug|Win32
		{BF709CA5-280D-4FA3-8909-A2172FE613FF}.Release|x64.ActiveCfg = Release|x64
		{BF709CA5-280D-4FA3-8909-A2172FE613FF}.Release|x64.Build.0 = Release|x64
		{BF709CA5-280D-4FA3-8909-A2172FE613FF}.Release|x86.ActiveCfg = Release|Win32
		{BF709CA5-280D-4FA3-8909-A2172FE613FF}.Release|x86.Build.0 = Release|Win32
	EndGlobalSection
	GlobalSection(SolutionProperties) = preSolution
		HideSolutionNode = FALSE
	EndGlobalSection
	GlobalSection(ExtensibilityGlobals) = postSolution
		SolutionGuid = {EDD6D5B0-2712-4F33-9968-09E3F416EF40}
	EndGlobalSection
EndGlobal
