
Microsoft Visual Studio Solution File, Format Version 12.00
# Visual Studio 15
VisualStudioVersion = 15.0.27004.2005
MinimumVisualStudioVersion = 10.0.40219.1
Project("{8BC9CEB8-8B4A-11D0-8D11-00A0C91BC942}") = "CocktailSort", "CocktailSort\CocktailSort.vcxproj", "{B412A503-355E-40AF-BA4D-2EE3A81067DC}"
EndProject
Global
	GlobalSection(SolutionConfigurationPlatforms) = preSolution
		Debug|x64 = Debug|x64
		Debug|x86 = Debug|x86
		Release|x64 = Release|x64
		Release|x86 = Release|x86
	EndGlobalSection
	GlobalSection(ProjectConfigurationPlatforms) = postSolution
		{B412A503-355E-40AF-BA4D-2EE3A81067DC}.Debug|x64.ActiveCfg = Debug|x64
		{B412A503-355E-40AF-BA4D-2EE3A81067DC}.Debug|x64.Build.0 = Debug|x64
		{B412A503-355E-40AF-BA4D-2EE3A81067DC}.Debug|x86.ActiveCfg = Debug|Win32
		{B412A503-355E-40AF-BA4D-2EE3A81067DC}.Debug|x86.Build.0 = Debug|Win32
		{B412A503-355E-40AF-BA4D-2EE3A81067DC}.Release|x64.ActiveCfg = Release|x64
		{B412A503-355E-40AF-BA4D-2EE3A81067DC}.Release|x64.Build.0 = Release|x64
		{B412A503-355E-40AF-BA4D-2EE3A81067DC}.Release|x86.ActiveCfg = Release|Win32
		{B412A503-355E-40AF-BA4D-2EE3A81067DC}.Release|x86.Build.0 = Release|Win32
	EndGlobalSection
	GlobalSection(SolutionProperties) = preSolution
		HideSolutionNode = FALSE
	EndGlobalSection
	GlobalSection(ExtensibilityGlobals) = postSolution
		SolutionGuid = {7576FDCE-CD9C-46A0-98A9-829CB69802D5}
	EndGlobalSection
EndGlobal
